
Microsoft Visual Studio Solution File, Format Version 12.00
# Visual Studio Version 16
VisualStudioVersion = 16.0.30907.101
MinimumVisualStudioVersion = 10.0.40219.1
Project("{FAE04EC0-301F-11D3-BF4B-00C04F79EFBC}") = "AgeCalculator", "AgeCalculator.csproj", "{F96ED5B2-52E9-4E85-BF27-2751A9E8BF1F}"
EndProject
Global
	GlobalSection(SolutionConfigurationPlatforms) = preSolution
		Debug|Any CPU = Debug|Any CPU
		Release|Any CPU = Release|Any CPU
	EndGlobalSection
	GlobalSection(ProjectConfigurationPlatforms) = postSolution
		{F96ED5B2-52E9-4E85-BF27-2751A9E8BF1F}.Debug|Any CPU.ActiveCfg = Debug|Any CPU
		{F96ED5B2-52E9-4E85-BF27-2751A9E8BF1F}.Debug|Any CPU.Build.0 = Debug|Any CPU
		{F96ED5B2-52E9-4E85-BF27-2751A9E8BF1F}.Release|Any CPU.ActiveCfg = Release|Any CPU
		{F96ED5B2-52E9-4E85-BF27-2751A9E8BF1F}.Release|Any CPU.Build.0 = Release|Any CPU
	EndGlobalSection
	GlobalSection(SolutionProperties) = preSolution
		HideSolutionNode = FALSE
	EndGlobalSection
	GlobalSection(ExtensibilityGlobals) = postSolution
		SolutionGuid = {473A933A-CFCE-4408-A25A-F36DD2D6BC53}
	EndGlobalSection
EndGlobal
